
Microsoft Visual Studio Solution File, Format Version 12.00
# Visual Studio Version 17
VisualStudioVersion = 17.3.32929.385
MinimumVisualStudioVersion = 10.0.40219.1
Project("{9A19103F-16F7-4668-BE54-9A1E7A4F7556}") = "ML_Project", "ML_Project\ML_Project.csproj", "{34FDA93F-C48D-4614-959F-08DFCF360659}"
EndProject
Project("{9A19103F-16F7-4668-BE54-9A1E7A4F7556}") = "TumorClassificationModel_WebApi", "TumorClassificationModel_WebApi\TumorClassificationModel_WebApi.csproj", "{D4C90CB2-E108-4496-A7B4-7063E782BB24}"
EndProject
Project("{9A19103F-16F7-4668-BE54-9A1E7A4F7556}") = "MLBlazorServer", "MLBlazorServer\MLBlazorServer.csproj", "{123D7663-FE97-4850-B26B-9CFA707E1822}"
EndProject
Project("{9A19103F-16F7-4668-BE54-9A1E7A4F7556}") = "TumorClassificationModel_Console", "TumorClassificationModel_Console\TumorClassificationModel_Console.csproj", "{0235508D-72CC-4DD3-B862-ADAB0BB1DFB3}"
EndProject
Global
	GlobalSection(SolutionConfigurationPlatforms) = preSolution
		Debug|Any CPU = Debug|Any CPU
		Release|Any CPU = Release|Any CPU
	EndGlobalSection
	GlobalSection(ProjectConfigurationPlatforms) = postSolution
		{34FDA93F-C48D-4614-959F-08DFCF360659}.Debug|Any CPU.ActiveCfg = Debug|Any CPU
		{34FDA93F-C48D-4614-959F-08DFCF360659}.Debug|Any CPU.Build.0 = Debug|Any CPU
		{34FDA93F-C48D-4614-959F-08DFCF360659}.Release|Any CPU.ActiveCfg = Release|Any CPU
		{34FDA93F-C48D-4614-959F-08DFCF360659}.Release|Any CPU.Build.0 = Release|Any CPU
		{D4C90CB2-E108-4496-A7B4-7063E782BB24}.Debug|Any CPU.ActiveCfg = Debug|Any CPU
		{D4C90CB2-E108-4496-A7B4-7063E782BB24}.Debug|Any CPU.Build.0 = Debug|Any CPU
		{D4C90CB2-E108-4496-A7B4-7063E782BB24}.Release|Any CPU.ActiveCfg = Release|Any CPU
		{D4C90CB2-E108-4496-A7B4-7063E782BB24}.Release|Any CPU.Build.0 = Release|Any CPU
		{123D7663-FE97-4850-B26B-9CFA707E1822}.Debug|Any CPU.ActiveCfg = Debug|Any CPU
		{123D7663-FE97-4850-B26B-9CFA707E1822}.Debug|Any CPU.Build.0 = Debug|Any CPU
		{123D7663-FE97-4850-B26B-9CFA707E1822}.Release|Any CPU.ActiveCfg = Release|Any CPU
		{123D7663-FE97-4850-B26B-9CFA707E1822}.Release|Any CPU.Build.0 = Release|Any CPU
		{0235508D-72CC-4DD3-B862-ADAB0BB1DFB3}.Debug|Any CPU.ActiveCfg = Debug|Any CPU
		{0235508D-72CC-4DD3-B862-ADAB0BB1DFB3}.Debug|Any CPU.Build.0 = Debug|Any CPU
		{0235508D-72CC-4DD3-B862-ADAB0BB1DFB3}.Release|Any CPU.ActiveCfg = Release|Any CPU
		{0235508D-72CC-4DD3-B862-ADAB0BB1DFB3}.Release|Any CPU.Build.0 = Release|Any CPU
	EndGlobalSection
	GlobalSection(SolutionProperties) = preSolution
		HideSolutionNode = FALSE
	EndGlobalSection
	GlobalSection(ExtensibilityGlobals) = postSolution
		SolutionGuid = {209135BE-C158-420D-BEB6-0A95AEF21E96}
	EndGlobalSection
EndGlobal
